// !$*UTF8*$!
{
	archiveVersion = 1;
	classes = {
	};
	objectVersion = 50;
	objects = {

/* Begin PBXBuildFile section */
		79EB5B90251F10F50012E91C /* africaApp.swift in Sources */ = {isa = PBXBuildFile; fileRef = 79EB5B8F251F10F50012E91C /* africaApp.swift */; };
		79EB5B92251F10F50012E91C /* ContentView.swift in Sources */ = {isa = PBXBuildFile; fileRef = 79EB5B91251F10F50012E91C /* ContentView.swift */; };
		79EB5B94251F10F70012E91C /* Assets.xcassets in Resources */ = {isa = PBXBuildFile; fileRef = 79EB5B93251F10F70012E91C /* Assets.xcassets */; };
		79EB5B97251F10F70012E91C /* Preview Assets.xcassets in Resources */ = {isa = PBXBuildFile; fileRef = 79EB5B96251F10F70012E91C /* Preview Assets.xcassets */; };
		79EB5BAC251F15EF0012E91C /* hippo.mp4 in Resources */ = {isa = PBXBuildFile; fileRef = 79EB5BA2251F15EC0012E91C /* hippo.mp4 */; };
		79EB5BAD251F15EF0012E91C /* gorilla.mp4 in Resources */ = {isa = PBXBuildFile; fileRef = 79EB5BA3251F15EC0012E91C /* gorilla.mp4 */; };
		79EB5BAE251F15EF0012E91C /* rhino.mp4 in Resources */ = {isa = PBXBuildFile; fileRef = 79EB5BA4251F15ED0012E91C /* rhino.mp4 */; };
		79EB5BAF251F15EF0012E91C /* zebra.mp4 in Resources */ = {isa = PBXBuildFile; fileRef = 79EB5BA5251F15ED0012E91C /* zebra.mp4 */; };
		79EB5BB0251F15EF0012E91C /* giraffe.mp4 in Resources */ = {isa = PBXBuildFile; fileRef = 79EB5BA6251F15ED0012E91C /* giraffe.mp4 */; };
		79EB5BB1251F15EF0012E91C /* cheetah.mp4 in Resources */ = {isa = PBXBuildFile; fileRef = 79EB5BA7251F15EE0012E91C /* cheetah.mp4 */; };
		79EB5BB2251F15EF0012E91C /* elephant.mp4 in Resources */ = {isa = PBXBuildFile; fileRef = 79EB5BA8251F15EE0012E91C /* elephant.mp4 */; };
		79EB5BB3251F15EF0012E91C /* ostrich.mp4 in Resources */ = {isa = PBXBuildFile; fileRef = 79EB5BA9251F15EE0012E91C /* ostrich.mp4 */; };
		79EB5BB4251F15EF0012E91C /* lion.mp4 in Resources */ = {isa = PBXBuildFile; fileRef = 79EB5BAA251F15EE0012E91C /* lion.mp4 */; };
		79EB5BB5251F15EF0012E91C /* lioness.mp4 in Resources */ = {isa = PBXBuildFile; fileRef = 79EB5BAB251F15EF0012E91C /* lioness.mp4 */; };
		79EB5BBC251F16260012E91C /* animals.json in Resources */ = {isa = PBXBuildFile; fileRef = 79EB5BB8251F16260012E91C /* animals.json */; };
		79EB5BBD251F16260012E91C /* covers.json in Resources */ = {isa = PBXBuildFile; fileRef = 79EB5BB9251F16260012E91C /* covers.json */; };
		79EB5BBE251F16260012E91C /* videos.json in Resources */ = {isa = PBXBuildFile; fileRef = 79EB5BBA251F16260012E91C /* videos.json */; };
		79EB5BBF251F16260012E91C /* locations.json in Resources */ = {isa = PBXBuildFile; fileRef = 79EB5BBB251F16260012E91C /* locations.json */; };
/* End PBXBuildFile section */

/* Begin PBXFileReference section */
		79EB5B8C251F10F50012E91C /* africa.app */ = {isa = PBXFileReference; explicitFileType = wrapper.application; includeInIndex = 0; path = africa.app; sourceTree = BUILT_PRODUCTS_DIR; };
		79EB5B8F251F10F50012E91C /* africaApp.swift */ = {isa = PBXFileReference; lastKnownFileType = sourcecode.swift; path = africaApp.swift; sourceTree = "<group>"; };
		79EB5B91251F10F50012E91C /* ContentView.swift */ = {isa = PBXFileReference; lastKnownFileType = sourcecode.swift; path = ContentView.swift; sourceTree = "<group>"; };
		79EB5B93251F10F70012E91C /* Assets.xcassets */ = {isa = PBXFileReference; lastKnownFileType = folder.assetcatalog; path = Assets.xcassets; sourceTree = "<group>"; };
		79EB5B96251F10F70012E91C /* Preview Assets.xcassets */ = {isa = PBXFileReference; lastKnownFileType = folder.assetcatalog; path = "Preview Assets.xcassets"; sourceTree = "<group>"; };
		79EB5B98251F10F70012E91C /* Info.plist */ = {isa = PBXFileReference; lastKnownFileType = text.plist.xml; path = Info.plist; sourceTree = "<group>"; };
		79EB5BA2251F15EC0012E91C /* hippo.mp4 */ = {isa = PBXFileReference; lastKnownFileType = file; path = hippo.mp4; sourceTree = "<group>"; };
		79EB5BA3251F15EC0012E91C /* gorilla.mp4 */ = {isa = PBXFileReference; lastKnownFileType = file; path = gorilla.mp4; sourceTree = "<group>"; };
		79EB5BA4251F15ED0012E91C /* rhino.mp4 */ = {isa = PBXFileReference; lastKnownFileType = file; path = rhino.mp4; sourceTree = "<group>"; };
		79EB5BA5251F15ED0012E91C /* zebra.mp4 */ = {isa = PBXFileReference; lastKnownFileType = file; path = zebra.mp4; sourceTree = "<group>"; };
		79EB5BA6251F15ED0012E91C /* giraffe.mp4 */ = {isa = PBXFileReference; lastKnownFileType = file; path = giraffe.mp4; sourceTree = "<group>"; };
		79EB5BA7251F15EE0012E91C /* cheetah.mp4 */ = {isa = PBXFileReference; lastKnownFileType = file; path = cheetah.mp4; sourceTree = "<group>"; };
		79EB5BA8251F15EE0012E91C /* elephant.mp4 */ = {isa = PBXFileReference; lastKnownFileType = file; path = elephant.mp4; sourceTree = "<group>"; };
		79EB5BA9251F15EE0012E91C /* ostrich.mp4 */ = {isa = PBXFileReference; lastKnownFileType = file; path = ostrich.mp4; sourceTree = "<group>"; };
		79EB5BAA251F15EE0012E91C /* lion.mp4 */ = {isa = PBXFileReference; lastKnownFileType = file; path = lion.mp4; sourceTree = "<group>"; };
		79EB5BAB251F15EF0012E91C /* lioness.mp4 */ = {isa = PBXFileReference; lastKnownFileType = file; path = lioness.mp4; sourceTree = "<group>"; };
		79EB5BB8251F16260012E91C /* animals.json */ = {isa = PBXFileReference; fileEncoding = 4; lastKnownFileType = text.json; path = animals.json; sourceTree = "<group>"; };
		79EB5BB9251F16260012E91C /* covers.json */ = {isa = PBXFileReference; fileEncoding = 4; lastKnownFileType = text.json; path = covers.json; sourceTree = "<group>"; };
		79EB5BBA251F16260012E91C /* videos.json */ = {isa = PBXFileReference; fileEncoding = 4; lastKnownFileType = text.json; path = videos.json; sourceTree = "<group>"; };
		79EB5BBB251F16260012E91C /* locations.json */ = {isa = PBXFileReference; fileEncoding = 4; lastKnownFileType = text.json; path = locations.json; sourceTree = "<group>"; };
		79EB5BE2251F245B0012E91C /* README.md */ = {isa = PBXFileReference; lastKnownFileType = net.daringfireball.markdown; path = README.md; sourceTree = "<group>"; };
/* End PBXFileReference section */

/* Begin PBXFrameworksBuildPhase section */
		79EB5B89251F10F50012E91C /* Frameworks */ = {
			isa = PBXFrameworksBuildPhase;
			buildActionMask = 2147483647;
			files = (
			);
			runOnlyForDeploymentPostprocessing = 0;
		};
/* End PBXFrameworksBuildPhase section */

/* Begin PBXGroup section */
		79EB5B83251F10F50012E91C = {
			isa = PBXGroup;
			children = (
				79EB5BE2251F245B0012E91C /* README.md */,
				79EB5B8E251F10F50012E91C /* africa */,
				79EB5B8D251F10F50012E91C /* Products */,
			);
			sourceTree = "<group>";
		};
		79EB5B8D251F10F50012E91C /* Products */ = {
			isa = PBXGroup;
			children = (
				79EB5B8C251F10F50012E91C /* africa.app */,
			);
			name = Products;
			sourceTree = "<group>";
		};
		79EB5B8E251F10F50012E91C /* africa */ = {
			isa = PBXGroup;
			children = (
				79EB5BB7251F160C0012E91C /* Data */,
				79EB5BA1251F15A30012E91C /* Video */,
				79EB5BC2251F176B0012E91C /* App */,
				79EB5B93251F10F70012E91C /* Assets.xcassets */,
				79EB5B98251F10F70012E91C /* Info.plist */,
				79EB5B95251F10F70012E91C /* Preview Content */,
			);
			path = africa;
			sourceTree = "<group>";
		};
		79EB5B95251F10F70012E91C /* Preview Content */ = {
			isa = PBXGroup;
			children = (
				79EB5B96251F10F70012E91C /* Preview Assets.xcassets */,
			);
			path = "Preview Content";
			sourceTree = "<group>";
		};
		79EB5BA1251F15A30012E91C /* Video */ = {
			isa = PBXGroup;
			children = (
				79EB5BA7251F15EE0012E91C /* cheetah.mp4 */,
				79EB5BA8251F15EE0012E91C /* elephant.mp4 */,
				79EB5BA6251F15ED0012E91C /* giraffe.mp4 */,
				79EB5BA3251F15EC0012E91C /* gorilla.mp4 */,
				79EB5BA2251F15EC0012E91C /* hippo.mp4 */,
				79EB5BAA251F15EE0012E91C /* lion.mp4 */,
				79EB5BAB251F15EF0012E91C /* lioness.mp4 */,
				79EB5BA9251F15EE0012E91C /* ostrich.mp4 */,
				79EB5BA4251F15ED0012E91C /* rhino.mp4 */,
				79EB5BA5251F15ED0012E91C /* zebra.mp4 */,
			);
			path = Video;
			sourceTree = "<group>";
		};
		79EB5BB7251F160C0012E91C /* Data */ = {
			isa = PBXGroup;
			children = (
				79EB5BB8251F16260012E91C /* animals.json */,
				79EB5BB9251F16260012E91C /* covers.json */,
				79EB5BBB251F16260012E91C /* locations.json */,
				79EB5BBA251F16260012E91C /* videos.json */,
			);
			path = Data;
			sourceTree = "<group>";
		};
		79EB5BC2251F176B0012E91C /* App */ = {
			isa = PBXGroup;
			children = (
				79EB5B8F251F10F50012E91C /* africaApp.swift */,
				79EB5B91251F10F50012E91C /* ContentView.swift */,
			);
			path = App;
			sourceTree = "<group>";
		};
/* End PBXGroup section */

/* Begin PBXNativeTarget section */
		79EB5B8B251F10F50012E91C /* africa */ = {
			isa = PBXNativeTarget;
			buildConfigurationList = 79EB5B9B251F10F70012E91C /* Build configuration list for PBXNativeTarget "africa" */;
			buildPhases = (
				79EB5B88251F10F50012E91C /* Sources */,
				79EB5B89251F10F50012E91C /* Frameworks */,
				79EB5B8A251F10F50012E91C /* Resources */,
			);
			buildRules = (
			);
			dependencies = (
			);
			name = africa;
			productName = africa;
			productReference = 79EB5B8C251F10F50012E91C /* africa.app */;
			productType = "com.apple.product-type.application";
		};
/* End PBXNativeTarget section */

/* Begin PBXProject section */
		79EB5B84251F10F50012E91C /* Project object */ = {
			isa = PBXProject;
			attributes = {
				LastSwiftUpdateCheck = 1200;
				LastUpgradeCheck = 1200;
				TargetAttributes = {
					79EB5B8B251F10F50012E91C = {
						CreatedOnToolsVersion = 12.0.1;
					};
				};
			};
			buildConfigurationList = 79EB5B87251F10F50012E91C /* Build configuration list for PBXProject "africa" */;
			compatibilityVersion = "Xcode 9.3";
			developmentRegion = en;
			hasScannedForEncodings = 0;
			knownRegions = (
				en,
				Base,
			);
			mainGroup = 79EB5B83251F10F50012E91C;
			productRefGroup = 79EB5B8D251F10F50012E91C /* Products */;
			projectDirPath = "";
			projectRoot = "";
			targets = (
				79EB5B8B251F10F50012E91C /* africa */,
			);
		};
/* End PBXProject section */

/* Begin PBXResourcesBuildPhase section */
		79EB5B8A251F10F50012E91C /* Resources */ = {
			isa = PBXResourcesBuildPhase;
			buildActionMask = 2147483647;
			files = (
				79EB5BAD251F15EF0012E91C /* gorilla.mp4 in Resources */,
				79EB5B97251F10F70012E91C /* Preview Assets.xcassets in Resources */,
				79EB5BBF251F16260012E91C /* locations.json in Resources */,
				79EB5BBE251F16260012E91C /* videos.json in Resources */,
				79EB5BAC251F15EF0012E91C /* hippo.mp4 in Resources */,
				79EB5BAE251F15EF0012E91C /* rhino.mp4 in Resources */,
				79EB5BB1251F15EF0012E91C /* cheetah.mp4 in Resources */,
				79EB5BAF251F15EF0012E91C /* zebra.mp4 in Resources */,
				79EB5BB0251F15EF0012E91C /* giraffe.mp4 in Resources */,
				79EB5BBD251F16260012E91C /* covers.json in Resources */,
				79EB5BBC251F16260012E91C /* animals.json in Resources */,
				79EB5B94251F10F70012E91C /* Assets.xcassets in Resources */,
				79EB5BB4251F15EF0012E91C /* lion.mp4 in Resources */,
				79EB5BB3251F15EF0012E91C /* ostrich.mp4 in Resources */,
				79EB5BB2251F15EF0012E91C /* elephant.mp4 in Resources */,
				79EB5BB5251F15EF0012E91C /* lioness.mp4 in Resources */,
			);
			runOnlyForDeploymentPostprocessing = 0;
		};
/* End PBXResourcesBuildPhase section */

/* Begin PBXSourcesBuildPhase section */
		79EB5B88251F10F50012E91C /* Sources */ = {
			isa = PBXSourcesBuildPhase;
			buildActionMask = 2147483647;
			files = (
				79EB5B92251F10F50012E91C /* ContentView.swift in Sources */,
				79EB5B90251F10F50012E91C /* africaApp.swift in Sources */,
			);
			runOnlyForDeploymentPostprocessing = 0;
		};
/* End PBXSourcesBuildPhase section */

/* Begin XCBuildConfiguration section */
		79EB5B99251F10F70012E91C /* Debug */ = {
			isa = XCBuildConfiguration;
			buildSettings = {
				ALWAYS_SEARCH_USER_PATHS = NO;
				CLANG_ANALYZER_NONNULL = YES;
				CLANG_ANALYZER_NUMBER_OBJECT_CONVERSION = YES_AGGRESSIVE;
				CLANG_CXX_LANGUAGE_STANDARD = "gnu++14";
				CLANG_CXX_LIBRARY = "libc++";
				CLANG_ENABLE_MODULES = YES;
				CLANG_ENABLE_OBJC_ARC = YES;
				CLANG_ENABLE_OBJC_WEAK = YES;
				CLANG_WARN_BLOCK_CAPTURE_AUTORELEASING = YES;
				CLANG_WARN_BOOL_CONVERSION = YES;
				CLANG_WARN_COMMA = YES;
				CLANG_WARN_CONSTANT_CONVERSION = YES;
				CLANG_WARN_DEPRECATED_OBJC_IMPLEMENTATIONS = YES;
				CLANG_WARN_DIRECT_OBJC_ISA_USAGE = YES_ERROR;
				CLANG_WARN_DOCUMENTATION_COMMENTS = YES;
				CLANG_WARN_EMPTY_BODY = YES;
				CLANG_WARN_ENUM_CONVERSION = YES;
				CLANG_WARN_INFINITE_RECURSION = YES;
				CLANG_WARN_INT_CONVERSION = YES;
				CLANG_WARN_NON_LITERAL_NULL_CONVERSION = YES;
				CLANG_WARN_OBJC_IMPLICIT_RETAIN_SELF = YES;
				CLANG_WARN_OBJC_LITERAL_CONVERSION = YES;
				CLANG_WARN_OBJC_ROOT_CLASS = YES_ERROR;
				CLANG_WARN_QUOTED_INCLUDE_IN_FRAMEWORK_HEADER = YES;
				CLANG_WARN_RANGE_LOOP_ANALYSIS = YES;
				CLANG_WARN_STRICT_PROTOTYPES = YES;
				CLANG_WARN_SUSPICIOUS_MOVE = YES;
				CLANG_WARN_UNGUARDED_AVAILABILITY = YES_AGGRESSIVE;
				CLANG_WARN_UNREACHABLE_CODE = YES;
				CLANG_WARN__DUPLICATE_METHOD_MATCH = YES;
				COPY_PHASE_STRIP = NO;
				DEBUG_INFORMATION_FORMAT = dwarf;
				ENABLE_STRICT_OBJC_MSGSEND = YES;
				ENABLE_TESTABILITY = YES;
				GCC_C_LANGUAGE_STANDARD = gnu11;
				GCC_DYNAMIC_NO_PIC = NO;
				GCC_NO_COMMON_BLOCKS = YES;
				GCC_OPTIMIZATION_LEVEL = 0;
				GCC_PREPROCESSOR_DEFINITIONS = (
					"DEBUG=1",
					"$(inherited)",
				);
				GCC_WARN_64_TO_32_BIT_CONVERSION = YES;
				GCC_WARN_ABOUT_RETURN_TYPE = YES_ERROR;
				GCC_WARN_UNDECLARED_SELECTOR = YES;
				GCC_WARN_UNINITIALIZED_AUTOS = YES_AGGRESSIVE;
				GCC_WARN_UNUSED_FUNCTION = YES;
				GCC_WARN_UNUSED_VARIABLE = YES;
				IPHONEOS_DEPLOYMENT_TARGET = 14.0;
				MTL_ENABLE_DEBUG_INFO = INCLUDE_SOURCE;
				MTL_FAST_MATH = YES;
				ONLY_ACTIVE_ARCH = YES;
				SDKROOT = iphoneos;
				SWIFT_ACTIVE_COMPILATION_CONDITIONS = DEBUG;
				SWIFT_OPTIMIZATION_LEVEL = "-Onone";
			};
			name = Debug;
		};
		79EB5B9A251F10F70012E91C /* Release */ = {
			isa = XCBuildConfiguration;
			buildSettings = {
				ALWAYS_SEARCH_USER_PATHS = NO;
				CLANG_ANALYZER_NONNULL = YES;
				CLANG_ANALYZER_NUMBER_OBJECT_CONVERSION = YES_AGGRESSIVE;
				CLANG_CXX_LANGUAGE_STANDARD = "gnu++14";
				CLANG_CXX_LIBRARY = "libc++";
				CLANG_ENABLE_MODULES = YES;
				CLANG_ENABLE_OBJC_ARC = YES;
				CLANG_ENABLE_OBJC_WEAK = YES;
				CLANG_WARN_BLOCK_CAPTURE_AUTORELEASING = YES;
				CLANG_WARN_BOOL_CONVERSION = YES;
				CLANG_WARN_COMMA = YES;
				CLANG_WARN_CONSTANT_CONVERSION = YES;
				CLANG_WARN_DEPRECATED_OBJC_IMPLEMENTATIONS = YES;
				CLANG_WARN_DIRECT_OBJC_ISA_USAGE = YES_ERROR;
				CLANG_WARN_DOCUMENTATION_COMMENTS = YES;
				CLANG_WARN_EMPTY_BODY = YES;
				CLANG_WARN_ENUM_CONVERSION = YES;
				CLANG_WARN_INFINITE_RECURSION = YES;
				CLANG_WARN_INT_CONVERSION = YES;
				CLANG_WARN_NON_LITERAL_NULL_CONVERSION = YES;
				CLANG_WARN_OBJC_IMPLICIT_RETAIN_SELF = YES;
				CLANG_WARN_OBJC_LITERAL_CONVERSION = YES;
				CLANG_WARN_OBJC_ROOT_CLASS = YES_ERROR;
				CLANG_WARN_QUOTED_INCLUDE_IN_FRAMEWORK_HEADER = YES;
				CLANG_WARN_RANGE_LOOP_ANALYSIS = YES;
				CLANG_WARN_STRICT_PROTOTYPES = YES;
				CLANG_WARN_SUSPICIOUS_MOVE = YES;
				CLANG_WARN_UNGUARDED_AVAILABILITY = YES_AGGRESSIVE;
				CLANG_WARN_UNREACHABLE_CODE = YES;
				CLANG_WARN__DUPLICATE_METHOD_MATCH = YES;
				COPY_PHASE_STRIP = NO;
				DEBUG_INFORMATION_FORMAT = "dwarf-with-dsym";
				ENABLE_NS_ASSERTIONS = NO;
				ENABLE_STRICT_OBJC_MSGSEND = YES;
				GCC_C_LANGUAGE_STANDARD = gnu11;
				GCC_NO_COMMON_BLOCKS = YES;
				GCC_WARN_64_TO_32_BIT_CONVERSION = YES;
				GCC_WARN_ABOUT_RETURN_TYPE = YES_ERROR;
				GCC_WARN_UNDECLARED_SELECTOR = YES;
				GCC_WARN_UNINITIALIZED_AUTOS = YES_AGGRESSIVE;
				GCC_WARN_UNUSED_FUNCTION = YES;
				GCC_WARN_UNUSED_VARIABLE = YES;
				IPHONEOS_DEPLOYMENT_TARGET = 14.0;
				MTL_ENABLE_DEBUG_INFO = NO;
				MTL_FAST_MATH = YES;
				SDKROOT = iphoneos;
				SWIFT_COMPILATION_MODE = wholemodule;
				SWIFT_OPTIMIZATION_LEVEL = "-O";
				VALIDATE_PRODUCT = YES;
			};
			name = Release;
		};
		79EB5B9C251F10F70012E91C /* Debug */ = {
			isa = XCBuildConfiguration;
			buildSettings = {
				ASSETCATALOG_COMPILER_APPICON_NAME = AppIcon;
				ASSETCATALOG_COMPILER_GLOBAL_ACCENT_COLOR_NAME = AccentColor;
				CODE_SIGN_STYLE = Automatic;
				DEVELOPMENT_ASSET_PATHS = "\"africa/Preview Content\"";
				DEVELOPMENT_TEAM = 8792VM5KKY;
				ENABLE_PREVIEWS = YES;
				INFOPLIST_FILE = africa/Info.plist;
				IPHONEOS_DEPLOYMENT_TARGET = 14.0;
				LD_RUNPATH_SEARCH_PATHS = (
					"$(inherited)",
					"@executable_path/Frameworks",
				);
				PRODUCT_BUNDLE_IDENTIFIER = tech.pradyumnshukla.africa;
				PRODUCT_NAME = "$(TARGET_NAME)";
				SWIFT_VERSION = 5.0;
				TARGETED_DEVICE_FAMILY = "1,2";
			};
			name = Debug;
		};
		79EB5B9D251F10F70012E91C /* Release */ = {
			isa = XCBuildConfiguration;
			buildSettings = {
				ASSETCATALOG_COMPILER_APPICON_NAME = AppIcon;
				ASSETCATALOG_COMPILER_GLOBAL_ACCENT_COLOR_NAME = AccentColor;
				CODE_SIGN_STYLE = Automatic;
				DEVELOPMENT_ASSET_PATHS = "\"africa/Preview Content\"";
				DEVELOPMENT_TEAM = 8792VM5KKY;
				ENABLE_PREVIEWS = YES;
				INFOPLIST_FILE = africa/Info.plist;
				IPHONEOS_DEPLOYMENT_TARGET = 14.0;
				LD_RUNPATH_SEARCH_PATHS = (
					"$(inherited)",
					"@executable_path/Frameworks",
				);
				PRODUCT_BUNDLE_IDENTIFIER = tech.pradyumnshukla.africa;
				PRODUCT_NAME = "$(TARGET_NAME)";
				SWIFT_VERSION = 5.0;
				TARGETED_DEVICE_FAMILY = "1,2";
			};
			name = Release;
		};
/* End XCBuildConfiguration section */

/* Begin XCConfigurationList section */
		79EB5B87251F10F50012E91C /* Build configuration list for PBXProject "africa" */ = {
			isa = XCConfigurationList;
			buildConfigurations = (
				79EB5B99251F10F70012E91C /* Debug */,
				79EB5B9A251F10F70012E91C /* Release */,
			);
			defaultConfigurationIsVisible = 0;
			defaultConfigurationName = Release;
		};
		79EB5B9B251F10F70012E91C /* Build configuration list for PBXNativeTarget "africa" */ = {
			isa = XCConfigurationList;
			buildConfigurations = (
				79EB5B9C251F10F70012E91C /* Debug */,
				79EB5B9D251F10F70012E91C /* Release */,
			);
			defaultConfigurationIsVisible = 0;
			defaultConfigurationName = Release;
		};
/* End XCConfigurationList section */
	};
	rootObject = 79EB5B84251F10F50012E91C /* Project object */;
}
